
Microsoft Visual Studio Solution File, Format Version 12.00
# Visual Studio 15
VisualStudioVersion = 15.0.28307.136
MinimumVisualStudioVersion = 10.0.40219.1
Project("{FAE04EC0-301F-11D3-BF4B-00C04F79EFBC}") = "Generics", "Generics\Generics.csproj", "{9CBDA867-C420-4EAD-8CA5-B7F07D5C9FD0}"
EndProject
Global
	GlobalSection(SolutionConfigurationPlatforms) = preSolution
		Debug|Any CPU = Debug|Any CPU
		Release|Any CPU = Release|Any CPU
	EndGlobalSection
	GlobalSection(ProjectConfigurationPlatforms) = postSolution
		{9CBDA867-C420-4EAD-8CA5-B7F07D5C9FD0}.Debug|Any CPU.ActiveCfg = Debug|Any CPU
		{9CBDA867-C420-4EAD-8CA5-B7F07D5C9FD0}.Debug|Any CPU.Build.0 = Debug|Any CPU
		{9CBDA867-C420-4EAD-8CA5-B7F07D5C9FD0}.Release|Any CPU.ActiveCfg = Release|Any CPU
		{9CBDA867-C420-4EAD-8CA5-B7F07D5C9FD0}.Release|Any CPU.Build.0 = Release|Any CPU
	EndGlobalSection
	GlobalSection(SolutionProperties) = preSolution
		HideSolutionNode = FALSE
	EndGlobalSection
	GlobalSection(ExtensibilityGlobals) = postSolution
		SolutionGuid = {DB340F1B-C301-4109-BA87-73F5E62C0606}
	EndGlobalSection
EndGlobal
